Microsoft Visual Studio Solution File, Format Version 8.00
Project("{8BC9CEB8-8B4A-11D0-8D11-00A0C91BC942}") = "winlaunch_bin", "winlaunch_bin.vcproj", "{13A625A4-35EE-4942-8654-A23F42EAB567}"
	ProjectSection(ProjectDependencies) = postProject
	EndProjectSection
EndProject
Global
	GlobalSection(SolutionConfiguration) = preSolution
		Debug = Debug
		Release = Release
	EndGlobalSection
	GlobalSection(ProjectConfiguration) = postSolution
		{13A625A4-35EE-4942-8654-A23F42EAB567}.Debug.ActiveCfg = Debug|Win32
		{13A625A4-35EE-4942-8654-A23F42EAB567}.Debug.Build.0 = Debug|Win32
		{13A625A4-35EE-4942-8654-A23F42EAB567}.Release.ActiveCfg = Release|Win32
		{13A625A4-35EE-4942-8654-A23F42EAB567}.Release.Build.0 = Release|Win32
	EndGlobalSection
	GlobalSection(ExtensibilityGlobals) = postSolution
	EndGlobalSection
	GlobalSection(ExtensibilityAddIns) = postSolution
	EndGlobalSection
EndGlobal
